
Microsoft Visual Studio Solution File, Format Version 12.00
# Visual Studio 15
VisualStudioVersion = 15.0.28010.2019
MinimumVisualStudioVersion = 10.0.40219.1
Project("{FAE04EC0-301F-11D3-BF4B-00C04F79EFBC}") = "SpExam", "SpExam\SpExam.csproj", "{90B87531-876F-4914-9E77-A9A0E52FC3F6}"
EndProject
Global
	GlobalSection(SolutionConfigurationPlatforms) = preSolution
		Debug|Any CPU = Debug|Any CPU
		Release|Any CPU = Release|Any CPU
	EndGlobalSection
	GlobalSection(ProjectConfigurationPlatforms) = postSolution
		{90B87531-876F-4914-9E77-A9A0E52FC3F6}.Debug|Any CPU.ActiveCfg = Debug|Any CPU
		{90B87531-876F-4914-9E77-A9A0E52FC3F6}.Debug|Any CPU.Build.0 = Debug|Any CPU
		{90B87531-876F-4914-9E77-A9A0E52FC3F6}.Release|Any CPU.ActiveCfg = Release|Any CPU
		{90B87531-876F-4914-9E77-A9A0E52FC3F6}.Release|Any CPU.Build.0 = Release|Any CPU
	EndGlobalSection
	GlobalSection(SolutionProperties) = preSolution
		HideSolutionNode = FALSE
	EndGlobalSection
	GlobalSection(ExtensibilityGlobals) = postSolution
		SolutionGuid = {9D936C6C-8148-43B8-859E-3BD48CD2BFDE}
	EndGlobalSection
EndGlobal
